PODS:
  - BoringSSL (9.2):
    - BoringSSL/Implementation (= 9.2)
    - BoringSSL/Interface (= 9.2)
  - BoringSSL/Implementation (9.2):
    - BoringSSL/Interface (= 9.2)
  - BoringSSL/Interface (9.2)
  - CodePush (5.2.1):
    - CodePush/Base64 (= 5.2.1)
    - CodePush/Core (= 5.2.1)
    - CodePush/JWT (= 5.2.1)
    - CodePush/SSZipArchive (= 5.2.1)
    - React
  - CodePush/Base64 (5.2.1):
    - React
  - CodePush/Core (5.2.1):
    - React
  - CodePush/JWT (5.2.1):
    - React
  - CodePush/SSZipArchive (5.2.1):
    - React
  - coinbase-official (3.3.0):
    - coinbase-official/client (= 3.3.0)
    - coinbase-official/core (= 3.3.0)
    - coinbase-official/OAuth (= 3.3.0)
  - coinbase-official/client (3.3.0):
    - coinbase-official/core
  - coinbase-official/core (3.3.0)
  - coinbase-official/OAuth (3.3.0):
    - coinbase-official/core
  - Firebase/Auth (4.8.2):
    - Firebase/Core
    - FirebaseAuth (= 4.4.2)
  - Firebase/Core (4.8.2):
    - FirebaseAnalytics (= 4.0.9)
    - FirebaseCore (= 4.0.14)
  - Firebase/Firestore (4.8.2):
    - Firebase/Core
    - FirebaseFirestore (= 0.10.0)
  - Firebase/Messaging (4.8.2):
    - Firebase/Core
    - FirebaseMessaging (= 2.0.8)
  - FirebaseAnalytics (4.0.9):
    - FirebaseCore (~> 4.0)
    - FirebaseInstanceID (~> 2.0)
    - GoogleToolboxForMac/NSData+zlib (~> 2.1)
    - nanopb (~> 0.3)
  - FirebaseAuth (4.4.2):
    - FirebaseAnalytics (~> 4.0)
    - GoogleToolboxForMac/NSDictionary+URLArguments (~> 2.1)
    - GTMSessionFetcher/Core (~> 1.1)
  - FirebaseCore (4.0.14):
    - GoogleToolboxForMac/NSData+zlib (~> 2.1)
  - FirebaseFirestore (0.10.0):
    - FirebaseAnalytics (~> 4.0)
    - FirebaseCore (~> 4.0)
    - gRPC-ProtoRPC (~> 1.0)
    - leveldb-library (~> 1.18)
    - Protobuf (~> 3.1)
  - FirebaseInstanceID (2.0.8):
    - FirebaseCore (~> 4.0)
  - FirebaseMessaging (2.0.8):
    - FirebaseAnalytics (~> 4.0)
    - FirebaseCore (~> 4.0)
    - FirebaseInstanceID (~> 2.0)
    - GoogleToolboxForMac/Logger (~> 2.1)
    - Protobuf (~> 3.1)
  - GoogleToolboxForMac/DebugUtils (2.1.3):
    - GoogleToolboxForMac/Defines (= 2.1.3)
  - GoogleToolboxForMac/Defines (2.1.3)
  - GoogleToolboxForMac/Logger (2.1.3):
    - GoogleToolboxForMac/Defines (= 2.1.3)
  - GoogleToolboxForMac/NSData+zlib (2.1.3):
    - GoogleToolboxForMac/Defines (= 2.1.3)
  - GoogleToolboxForMac/NSDictionary+URLArguments (2.1.3):
    - GoogleToolboxForMac/DebugUtils (= 2.1.3)
    - GoogleToolboxForMac/Defines (= 2.1.3)
    - GoogleToolboxForMac/NSString+URLArguments (= 2.1.3)
  - GoogleToolboxForMac/NSString+URLArguments (2.1.3)
  - gRPC (1.9.0):
    - gRPC-RxLibrary (= 1.9.0)
    - gRPC/Main (= 1.9.0)
  - gRPC-Core (1.9.0):
    - gRPC-Core/Implementation (= 1.9.0)
    - gRPC-Core/Interface (= 1.9.0)
  - gRPC-Core/Implementation (1.9.0):
    - BoringSSL (~> 9.0)
    - gRPC-Core/Interface (= 1.9.0)
    - nanopb (~> 0.3)
  - gRPC-Core/Interface (1.9.0)
  - gRPC-ProtoRPC (1.9.0):
    - gRPC (= 1.9.0)
    - gRPC-RxLibrary (= 1.9.0)
    - Protobuf (~> 3.0)
  - gRPC-RxLibrary (1.9.0)
  - gRPC/Main (1.9.0):
    - gRPC-Core (= 1.9.0)
    - gRPC-RxLibrary (= 1.9.0)
  - GTMSessionFetcher/Core (1.1.13)
  - KSCrash/Core (1.15.16):
    - KSCrash/Reporting/Filters/Basic
  - KSCrash/Recording (1.15.16):
    - KSCrash/Recording/Tools (= 1.15.16)
  - KSCrash/Recording/Tools (1.15.16)
  - KSCrash/Reporting/Filters/Base (1.15.16):
    - KSCrash/Recording
  - KSCrash/Reporting/Filters/Basic (1.15.16):
    - KSCrash/Recording
    - KSCrash/Reporting/Filters/Base
  - leveldb-library (1.20)
  - nanopb (0.3.8):
    - nanopb/decode (= 0.3.8)
    - nanopb/encode (= 0.3.8)
  - nanopb/decode (0.3.8)
  - nanopb/encode (0.3.8)
  - Protobuf (3.5.0)
  - React (0.50.3):
    - React/Core (= 0.50.3)
  - React/Core (0.50.3):
    - yoga (= 0.50.3.React)
  - Sentry (3.10.0):
    - Sentry/Core (= 3.10.0)
    - Sentry/KSCrash (= 3.10.0)
  - Sentry/Core (3.10.0)
  - Sentry/KSCrash (3.10.0):
    - KSCrash/Core (~> 1.15.12)
  - SentryReactNative (0.32.1):
    - React
    - Sentry (~> 3.10.0)
    - Sentry/KSCrash (~> 3.10.0)
  - yoga (0.50.3.React)

DEPENDENCIES:
  - CodePush (from `../node_modules/react-native-code-push`)
  - coinbase-official
  - Firebase/Auth
  - Firebase/Core
  - Firebase/Firestore
  - Firebase/Messaging
  - React (from `../node_modules/react-native`)
  - SentryReactNative (from `../node_modules/react-native-sentry`)
  - yoga (from `../node_modules/react-native/ReactCommon/yoga`)

EXTERNAL SOURCES:
  CodePush:
    :path: ../node_modules/react-native-code-push
  React:
    :path: ../node_modules/react-native
  SentryReactNative:
    :path: ../node_modules/react-native-sentry
  yoga:
    :path: ../node_modules/react-native/ReactCommon/yoga

SPEC CHECKSUMS:
  BoringSSL: f3d6b8ce199b9c450a8cfc14895d07a2627fc232
  CodePush: 9400969397b340ee26772b79fcadd1a48a0449dc
  coinbase-official: 57de4952bdb85e16a8f99930c57e16505ff571ed
  Firebase: 7d3b8cd837ad9fcd391657734c0d56dab8e9a5a3
  FirebaseAnalytics: 388b630c15713f5dbf364071f5f3d6077fb52f4e
  FirebaseAuth: bd2738c5c1e92b108ba5f7f7335908097a4e50bb
  FirebaseCore: 2e0b98fb2d64ca8140136beff15772bdd14d2dd7
  FirebaseFirestore: 713f0c555e7af5ac03d0fec0e2477c48857f4977
  FirebaseInstanceID: 81df5805a08001e69138664bdd02c6719a9ac80f
  FirebaseMessaging: dfdcd307c2382290a1e297a81d0f18370f5b1bcd
  GoogleToolboxForMac: 2501e2ad72a52eb3dfe7bd9aee7dad11b858bd20
  gRPC: d12fb1fb68b1b3ff3e0a07f59a62312331b58693
  gRPC-Core: b7ee510aa1e7c565d3670bf7bfd87e25a56050ed
  gRPC-ProtoRPC: 3eb74b3bdbd3b67ef8095f44043b478cbf8b39ab
  gRPC-RxLibrary: 4b9762497af0557201bba92abeef207c1bf3e3c8
  GTMSessionFetcher: 5bb1eae636127de695590f50e7d248483eb891e6
  KSCrash: e4cda5c8612c5f9478defcf43418f24870d313f4
  leveldb-library: 08cba283675b7ed2d99629a4bc5fd052cd2bb6a5
  nanopb: 5601e6bca2dbf1ed831b519092ec110f66982ca3
  Protobuf: 8a9838fba8dae3389230e1b7f8c104aa32389c03
  React: 0ba6cae888dc82dc47d6d5f3090615e1b5f6f3e7
  Sentry: 546079394a729c35ba8c10332942c25f96cac921
  SentryReactNative: 2ef9eb2ef558cf6b52a3f6b6eae0cd7d7fff9e5f
  yoga: faecc6be81ca7823ccbb470b93a1b228499fa1c0

PODFILE CHECKSUM: bf4f74ff2e0d251629171e3ae846ace3815fc9b8

COCOAPODS: 1.3.1
