PODS:
  - BoringSSL (9.1):
    - BoringSSL/Implementation (= 9.1)
    - BoringSSL/Interface (= 9.1)
  - BoringSSL/Implementation (9.1):
    - BoringSSL/Interface (= 9.1)
  - BoringSSL/Interface (9.1)
  - CodePush (5.2.1):
    - CodePush/Base64 (= 5.2.1)
    - CodePush/Core (= 5.2.1)
    - CodePush/JWT (= 5.2.1)
    - CodePush/SSZipArchive (= 5.2.1)
    - React
  - CodePush/Base64 (5.2.1):
    - React
  - CodePush/Core (5.2.1):
    - React
  - CodePush/JWT (5.2.1):
    - React
  - CodePush/SSZipArchive (5.2.1):
    - React
  - coinbase-official (3.3.0):
    - coinbase-official/client (= 3.3.0)
    - coinbase-official/core (= 3.3.0)
    - coinbase-official/OAuth (= 3.3.0)
  - coinbase-official/client (3.3.0):
    - coinbase-official/core
  - coinbase-official/core (3.3.0)
  - coinbase-official/OAuth (3.3.0):
    - coinbase-official/core
  - Firebase/Auth (4.7.0):
    - Firebase/Core
    - FirebaseAuth (= 4.4.0)
  - Firebase/Core (4.7.0):
    - FirebaseAnalytics (= 4.0.5)
    - FirebaseCore (= 4.0.12)
  - Firebase/Firestore (4.7.0):
    - Firebase/Core
    - FirebaseFirestore (= 0.9.3)
  - Firebase/Messaging (4.7.0):
    - Firebase/Core
    - FirebaseMessaging (= 2.0.7)
  - FirebaseAnalytics (4.0.5):
    - FirebaseCore (~> 4.0)
    - FirebaseInstanceID (~> 2.0)
    - GoogleToolboxForMac/NSData+zlib (~> 2.1)
    - nanopb (~> 0.3)
  - FirebaseAuth (4.4.0):
    - FirebaseAnalytics (~> 4.0)
    - GoogleToolboxForMac/NSDictionary+URLArguments (~> 2.1)
    - GTMSessionFetcher/Core (~> 1.1)
  - FirebaseCore (4.0.12):
    - GoogleToolboxForMac/NSData+zlib (~> 2.1)
  - FirebaseFirestore (0.9.3):
    - FirebaseAnalytics (~> 4.0)
    - FirebaseAuth (~> 4.4)
    - FirebaseCore (~> 4.0)
    - gRPC-ProtoRPC (~> 1.0)
    - leveldb-library (~> 1.18)
    - Protobuf (~> 3.1)
  - FirebaseInstanceID (2.0.7)
  - FirebaseMessaging (2.0.7):
    - FirebaseAnalytics (~> 4.0)
    - FirebaseCore (~> 4.0)
    - FirebaseInstanceID (~> 2.0)
    - GoogleToolboxForMac/Logger (~> 2.1)
    - Protobuf (~> 3.1)
  - GoogleToolboxForMac/DebugUtils (2.1.3):
    - GoogleToolboxForMac/Defines (= 2.1.3)
  - GoogleToolboxForMac/Defines (2.1.3)
  - GoogleToolboxForMac/Logger (2.1.3):
    - GoogleToolboxForMac/Defines (= 2.1.3)
  - GoogleToolboxForMac/NSData+zlib (2.1.3):
    - GoogleToolboxForMac/Defines (= 2.1.3)
  - GoogleToolboxForMac/NSDictionary+URLArguments (2.1.3):
    - GoogleToolboxForMac/DebugUtils (= 2.1.3)
    - GoogleToolboxForMac/Defines (= 2.1.3)
    - GoogleToolboxForMac/NSString+URLArguments (= 2.1.3)
  - GoogleToolboxForMac/NSString+URLArguments (2.1.3)
  - gRPC (1.7.1):
    - gRPC-RxLibrary (= 1.7.1)
    - gRPC/Main (= 1.7.1)
  - gRPC-Core (1.7.1):
    - gRPC-Core/Implementation (= 1.7.1)
    - gRPC-Core/Interface (= 1.7.1)
  - gRPC-Core/Implementation (1.7.1):
    - BoringSSL (~> 9.0)
    - gRPC-Core/Interface (= 1.7.1)
    - nanopb (~> 0.3)
  - gRPC-Core/Interface (1.7.1)
  - gRPC-ProtoRPC (1.7.1):
    - gRPC (= 1.7.1)
    - gRPC-RxLibrary (= 1.7.1)
    - Protobuf (~> 3.0)
  - gRPC-RxLibrary (1.7.1)
  - gRPC/Main (1.7.1):
    - gRPC-Core (= 1.7.1)
    - gRPC-RxLibrary (= 1.7.1)
  - GTMSessionFetcher/Core (1.1.12)
  - KSCrash/Core (1.15.16):
    - KSCrash/Reporting/Filters/Basic
  - KSCrash/Recording (1.15.16):
    - KSCrash/Recording/Tools (= 1.15.16)
  - KSCrash/Recording/Tools (1.15.16)
  - KSCrash/Reporting/Filters/Base (1.15.16):
    - KSCrash/Recording
  - KSCrash/Reporting/Filters/Basic (1.15.16):
    - KSCrash/Recording
    - KSCrash/Reporting/Filters/Base
  - leveldb-library (1.20)
  - nanopb (0.3.8):
    - nanopb/decode (= 0.3.8)
    - nanopb/encode (= 0.3.8)
  - nanopb/decode (0.3.8)
  - nanopb/encode (0.3.8)
  - Protobuf (3.5.0)
  - React (0.50.3):
    - React/Core (= 0.50.3)
  - React/Core (0.50.3):
    - yoga (= 0.50.3.React)
  - Sentry (3.10.0):
    - Sentry/Core (= 3.10.0)
    - Sentry/KSCrash (= 3.10.0)
  - Sentry/Core (3.10.0)
  - Sentry/KSCrash (3.10.0):
    - KSCrash/Core (~> 1.15.12)
  - SentryReactNative (0.32.1):
    - React
    - Sentry (~> 3.10.0)
    - Sentry/KSCrash (~> 3.10.0)
  - yoga (0.50.3.React)

DEPENDENCIES:
  - CodePush (from `../node_modules/react-native-code-push`)
  - coinbase-official
  - Firebase/Auth
  - Firebase/Core
  - Firebase/Firestore
  - Firebase/Messaging
  - React (from `../node_modules/react-native`)
  - SentryReactNative (from `../node_modules/react-native-sentry`)
  - yoga (from `../node_modules/react-native/ReactCommon/yoga`)

EXTERNAL SOURCES:
  CodePush:
    :path: ../node_modules/react-native-code-push
  React:
    :path: ../node_modules/react-native
  SentryReactNative:
    :path: ../node_modules/react-native-sentry
  yoga:
    :path: ../node_modules/react-native/ReactCommon/yoga

SPEC CHECKSUMS:
  BoringSSL: 84318770d120503ab1a6aaf1df777c5ca053697e
  CodePush: 9400969397b340ee26772b79fcadd1a48a0449dc
  coinbase-official: 57de4952bdb85e16a8f99930c57e16505ff571ed
  Firebase: dbfb98ccec2dcfcd21ab9cc1b4981a3f3c8c5e26
  FirebaseAnalytics: 5b02a63ead2c3f0259cfc7f15e053e440587ecf8
  FirebaseAuth: cdeee95b528958dbb7dcf220ad0fb804d3a284b0
  FirebaseCore: 6cf108b63997bc08c04a1ffa55a3ac0d71a59ffc
  FirebaseFirestore: 0b62fdbe420f2f88b6b2037ba4d92bbd4525e04a
  FirebaseInstanceID: 148c25c986c8699e67304b114e365713dce467f2
  FirebaseMessaging: 1a11d1c0a9ed9b3f75a0685bb0ae5932e1062f5f
  GoogleToolboxForMac: 2501e2ad72a52eb3dfe7bd9aee7dad11b858bd20
  gRPC: b56decfd0094854d2ccfe80c8fb767237dace3be
  gRPC-Core: 95c4968ae43d29219226f22b656d9f625904281e
  gRPC-ProtoRPC: b7259f51cbc19b77c7a38d96f52a00c3a4ea1637
  gRPC-RxLibrary: 4f46343e74e74a7ee8373ffeeaf772dfb330cbd7
  GTMSessionFetcher: ebaa1f79a5366922c1735f1566901f50beba23b7
  KSCrash: e4cda5c8612c5f9478defcf43418f24870d313f4
  leveldb-library: 08cba283675b7ed2d99629a4bc5fd052cd2bb6a5
  nanopb: 5601e6bca2dbf1ed831b519092ec110f66982ca3
  Protobuf: 8a9838fba8dae3389230e1b7f8c104aa32389c03
  React: 0ba6cae888dc82dc47d6d5f3090615e1b5f6f3e7
  Sentry: 546079394a729c35ba8c10332942c25f96cac921
  SentryReactNative: 2ef9eb2ef558cf6b52a3f6b6eae0cd7d7fff9e5f
  yoga: faecc6be81ca7823ccbb470b93a1b228499fa1c0

PODFILE CHECKSUM: bf4f74ff2e0d251629171e3ae846ace3815fc9b8

COCOAPODS: 1.3.1
