PODS:
  - BoringSSL (9.2):
    - BoringSSL/Implementation (= 9.2)
    - BoringSSL/Interface (= 9.2)
  - BoringSSL/Implementation (9.2):
    - BoringSSL/Interface (= 9.2)
  - BoringSSL/Interface (9.2)
  - CodePush (5.2.1):
    - CodePush/Base64 (= 5.2.1)
    - CodePush/Core (= 5.2.1)
    - CodePush/JWT (= 5.2.1)
    - CodePush/SSZipArchive (= 5.2.1)
    - React
  - CodePush/Base64 (5.2.1):
    - React
  - CodePush/Core (5.2.1):
    - React
  - CodePush/JWT (5.2.1):
    - React
  - CodePush/SSZipArchive (5.2.1):
    - React
  - coinbase-official (3.3.0):
    - coinbase-official/client (= 3.3.0)
    - coinbase-official/core (= 3.3.0)
    - coinbase-official/OAuth (= 3.3.0)
  - coinbase-official/client (3.3.0):
    - coinbase-official/core
  - coinbase-official/core (3.3.0)
  - coinbase-official/OAuth (3.3.0):
    - coinbase-official/core
  - Firebase/Auth (4.9.0):
    - Firebase/Core
    - FirebaseAuth (= 4.4.3)
  - Firebase/Core (4.9.0):
    - FirebaseAnalytics (= 4.0.9)
    - FirebaseCore (= 4.0.15)
  - Firebase/DynamicLinks (4.9.0):
    - Firebase/Core
    - FirebaseDynamicLinks (= 2.3.2)
  - Firebase/Firestore (4.9.0):
    - Firebase/Core
    - FirebaseFirestore (= 0.10.1)
  - Firebase/Messaging (4.9.0):
    - Firebase/Core
    - FirebaseMessaging (= 2.1.0)
  - FirebaseAnalytics (4.0.9):
    - FirebaseCore (~> 4.0)
    - FirebaseInstanceID (~> 2.0)
    - GoogleToolboxForMac/NSData+zlib (~> 2.1)
    - nanopb (~> 0.3)
  - FirebaseAuth (4.4.3):
    - FirebaseAnalytics (~> 4.0)
    - GoogleToolboxForMac/NSDictionary+URLArguments (~> 2.1)
    - GTMSessionFetcher/Core (~> 1.1)
  - FirebaseCore (4.0.15):
    - GoogleToolboxForMac/NSData+zlib (~> 2.1)
  - FirebaseDynamicLinks (2.3.2):
    - FirebaseAnalytics (~> 4.0)
  - FirebaseFirestore (0.10.1):
    - FirebaseAnalytics (~> 4.0)
    - FirebaseCore (~> 4.0)
    - gRPC-ProtoRPC (~> 1.0)
    - leveldb-library (~> 1.18)
    - Protobuf (~> 3.1)
  - FirebaseInstanceID (2.0.9):
    - FirebaseCore (~> 4.0)
  - FirebaseMessaging (2.1.0):
    - FirebaseAnalytics (~> 4.0)
    - FirebaseCore (~> 4.0)
    - FirebaseInstanceID (~> 2.0)
    - GoogleToolboxForMac/Logger (~> 2.1)
    - Protobuf (~> 3.1)
  - GoogleToolboxForMac/DebugUtils (2.1.3):
    - GoogleToolboxForMac/Defines (= 2.1.3)
  - GoogleToolboxForMac/Defines (2.1.3)
  - GoogleToolboxForMac/Logger (2.1.3):
    - GoogleToolboxForMac/Defines (= 2.1.3)
  - GoogleToolboxForMac/NSData+zlib (2.1.3):
    - GoogleToolboxForMac/Defines (= 2.1.3)
  - GoogleToolboxForMac/NSDictionary+URLArguments (2.1.3):
    - GoogleToolboxForMac/DebugUtils (= 2.1.3)
    - GoogleToolboxForMac/Defines (= 2.1.3)
    - GoogleToolboxForMac/NSString+URLArguments (= 2.1.3)
  - GoogleToolboxForMac/NSString+URLArguments (2.1.3)
  - gRPC (1.9.1):
    - gRPC-RxLibrary (= 1.9.1)
    - gRPC/Main (= 1.9.1)
  - gRPC-Core (1.9.1):
    - gRPC-Core/Implementation (= 1.9.1)
    - gRPC-Core/Interface (= 1.9.1)
  - gRPC-Core/Implementation (1.9.1):
    - BoringSSL (~> 9.0)
    - gRPC-Core/Interface (= 1.9.1)
    - nanopb (~> 0.3)
  - gRPC-Core/Interface (1.9.1)
  - gRPC-ProtoRPC (1.9.1):
    - gRPC (= 1.9.1)
    - gRPC-RxLibrary (= 1.9.1)
    - Protobuf (~> 3.0)
  - gRPC-RxLibrary (1.9.1)
  - gRPC/Main (1.9.1):
    - gRPC-Core (= 1.9.1)
    - gRPC-RxLibrary (= 1.9.1)
  - GTMSessionFetcher/Core (1.1.13)
  - KSCrash/Core (1.15.16):
    - KSCrash/Reporting/Filters/Basic
  - KSCrash/Recording (1.15.16):
    - KSCrash/Recording/Tools (= 1.15.16)
  - KSCrash/Recording/Tools (1.15.16)
  - KSCrash/Reporting/Filters/Base (1.15.16):
    - KSCrash/Recording
  - KSCrash/Reporting/Filters/Basic (1.15.16):
    - KSCrash/Recording
    - KSCrash/Reporting/Filters/Base
  - leveldb-library (1.20)
  - lottie-ios (2.5.0)
  - lottie-react-native (2.3.2):
    - lottie-ios
    - React
  - nanopb (0.3.8):
    - nanopb/decode (= 0.3.8)
    - nanopb/encode (= 0.3.8)
  - nanopb/decode (0.3.8)
  - nanopb/encode (0.3.8)
  - Protobuf (3.5.0)
  - React (0.50.3):
    - React/Core (= 0.50.3)
  - React/Core (0.50.3):
    - yoga (= 0.50.3.React)
  - Sentry (3.10.0):
    - Sentry/Core (= 3.10.0)
    - Sentry/KSCrash (= 3.10.0)
  - Sentry/Core (3.10.0)
  - Sentry/KSCrash (3.10.0):
    - KSCrash/Core (~> 1.15.12)
  - SentryReactNative (0.32.1):
    - React
    - Sentry (~> 3.10.0)
    - Sentry/KSCrash (~> 3.10.0)
  - yoga (0.50.3.React)

DEPENDENCIES:
  - CodePush (from `../node_modules/react-native-code-push`)
  - coinbase-official
  - Firebase/Auth
  - Firebase/Core
  - Firebase/DynamicLinks
  - Firebase/Firestore
  - Firebase/Messaging
  - lottie-ios (from `../node_modules/lottie-ios`)
  - lottie-react-native (from `../node_modules/lottie-react-native`)
  - React (from `../node_modules/react-native`)
  - SentryReactNative (from `../node_modules/react-native-sentry`)
  - yoga (from `../node_modules/react-native/ReactCommon/yoga`)

EXTERNAL SOURCES:
  CodePush:
    :path: ../node_modules/react-native-code-push
  lottie-ios:
    :path: ../node_modules/lottie-ios
  lottie-react-native:
    :path: ../node_modules/lottie-react-native
  React:
    :path: ../node_modules/react-native
  SentryReactNative:
    :path: ../node_modules/react-native-sentry
  yoga:
    :path: ../node_modules/react-native/ReactCommon/yoga

SPEC CHECKSUMS:
  BoringSSL: f3d6b8ce199b9c450a8cfc14895d07a2627fc232
  CodePush: 9400969397b340ee26772b79fcadd1a48a0449dc
  coinbase-official: 57de4952bdb85e16a8f99930c57e16505ff571ed
  Firebase: 632216af3ed7f31e3be34776947fdc7546cfb572
  FirebaseAnalytics: 388b630c15713f5dbf364071f5f3d6077fb52f4e
  FirebaseAuth: aaaf68d5064a6c8fec435758f83a43b8db26ccaa
  FirebaseCore: 3bd047463058fa6b5d312c97502c52e45401cdfb
  FirebaseDynamicLinks: 38b68641d24e78d0277a9205d988ce22875d5a25
  FirebaseFirestore: a6db7a47c6a47d26069892d7db39f7792f2f7f9a
  FirebaseInstanceID: d2058a35e9bebda1b6dd42486b84917bde552a9d
  FirebaseMessaging: 2bafab2d0f3ab3dfd753101c2c32995c2051b5da
  GoogleToolboxForMac: 2501e2ad72a52eb3dfe7bd9aee7dad11b858bd20
  gRPC: 58828d611419d49da19ad02a60679ffa10a10a87
  gRPC-Core: 66413bf1f2d038a6221bc7bfcbeeaa5a117cee29
  gRPC-ProtoRPC: f29e8b7445e0d3c0311678ab121e6c164da4ca5e
  gRPC-RxLibrary: 8e0067bfe8a054022c7a81470baace4f2f633b48
  GTMSessionFetcher: 5bb1eae636127de695590f50e7d248483eb891e6
  KSCrash: e4cda5c8612c5f9478defcf43418f24870d313f4
  leveldb-library: 08cba283675b7ed2d99629a4bc5fd052cd2bb6a5
  lottie-ios: d699fdee68d7b63e721d949388b015fef1aaa4ac
  lottie-react-native: f2e118cc10f478bc9857bbdb5568b6f4a9d30cf7
  nanopb: 5601e6bca2dbf1ed831b519092ec110f66982ca3
  Protobuf: 8a9838fba8dae3389230e1b7f8c104aa32389c03
  React: 0ba6cae888dc82dc47d6d5f3090615e1b5f6f3e7
  Sentry: 546079394a729c35ba8c10332942c25f96cac921
  SentryReactNative: 2ef9eb2ef558cf6b52a3f6b6eae0cd7d7fff9e5f
  yoga: faecc6be81ca7823ccbb470b93a1b228499fa1c0

PODFILE CHECKSUM: cad589ba492ef3b0b83f90bd868918eea7a88f2e

COCOAPODS: 1.3.1
